{
  "name": "tsc-nodenext",
  "lockfileVersion": 2,
  "requires": true,
  "packages": {
    "": {
      "name": "tsc-nodenext",
      "dependencies": {
        "decimal.js": "^10.3.1",
        "is-plain-object": "^5.0.0"
      },
      "devDependencies": {
        "@types/node": "^17.0.34",
        "typescript": "^4.7.1-rc"
      }
    },
    "node_modules/@types/node": {
      "version": "17.0.34",
      "resolved": "https://registry.npmjs.org/@types/node/-/node-17.0.34.tgz",
      "integrity": "sha512-XImEz7XwTvDBtzlTnm8YvMqGW/ErMWBsKZ+hMTvnDIjGCKxwK5Xpc+c/oQjOauwq8M4OS11hEkpjX8rrI/eEgA==",
      "dev": true
    },
    "node_modules/decimal.js": {
      "version": "10.3.1",
      "resolved": "https://registry.npmjs.org/decimal.js/-/decimal.js-10.3.1.tgz",
      "integrity": "sha512-V0pfhfr8suzyPGOx3nmq4aHqabehUZn6Ch9kyFpV79TGDTWFmHqUqXdabR7QHqxzrYolF4+tVmJhUG4OURg5dQ=="
    },
    "node_modules/is-plain-object": {
      "version": "5.0.0",
      "resolved": "https://registry.npmjs.org/is-plain-object/-/is-plain-object-5.0.0.tgz",
      "integrity": "sha512-VRSzKkbMm5jMDoKLbltAkFQ5Qr7VDiTFGXxYFXXowVj387GeGNOCsOH6Msy00SGZ3Fp84b1Naa1psqgcCIEP5Q==",
      "engines": {
        "node": ">=0.10.0"
      }
    },
    "node_modules/typescript": {
      "version": "4.7.1-rc",
      "resolved": "https://registry.npmjs.org/typescript/-/typescript-4.7.1-rc.tgz",
      "integrity": "sha512-EQd2NVelDe6ZVc2sO1CSpuSs+RHzY8c2n/kTNQAHw4um/eAXY+ZY4IKoUpNK0wO6C5hN+XcUXR7yqT8VbwwNIQ==",
      "dev": true,
      "bin": {
        "tsc": "bin/tsc",
        "tsserver": "bin/tsserver"
      },
      "engines": {
        "node": ">=4.2.0"
      }
    }
  },
  "dependencies": {
    "@types/node": {
      "version": "17.0.34",
      "resolved": "https://registry.npmjs.org/@types/node/-/node-17.0.34.tgz",
      "integrity": "sha512-XImEz7XwTvDBtzlTnm8YvMqGW/ErMWBsKZ+hMTvnDIjGCKxwK5Xpc+c/oQjOauwq8M4OS11hEkpjX8rrI/eEgA==",
      "dev": true
    },
    "decimal.js": {
      "version": "10.3.1",
      "resolved": "https://registry.npmjs.org/decimal.js/-/decimal.js-10.3.1.tgz",
      "integrity": "sha512-V0pfhfr8suzyPGOx3nmq4aHqabehUZn6Ch9kyFpV79TGDTWFmHqUqXdabR7QHqxzrYolF4+tVmJhUG4OURg5dQ=="
    },
    "is-plain-object": {
      "version": "5.0.0",
      "resolved": "https://registry.npmjs.org/is-plain-object/-/is-plain-object-5.0.0.tgz",
      "integrity": "sha512-VRSzKkbMm5jMDoKLbltAkFQ5Qr7VDiTFGXxYFXXowVj387GeGNOCsOH6Msy00SGZ3Fp84b1Naa1psqgcCIEP5Q=="
    },
    "typescript": {
      "version": "4.7.1-rc",
      "resolved": "https://registry.npmjs.org/typescript/-/typescript-4.7.1-rc.tgz",
      "integrity": "sha512-EQd2NVelDe6ZVc2sO1CSpuSs+RHzY8c2n/kTNQAHw4um/eAXY+ZY4IKoUpNK0wO6C5hN+XcUXR7yqT8VbwwNIQ==",
      "dev": true
    }
  }
}
